{
  "name": "raycart",
  "version": "0.0.1",
  "lockfileVersion": 3,
  "requires": true,
  "packages": {
    "": {
      "name": "raycart",
      "version": "0.0.1",
      "dependencies": {
        "@easywasm/wasi": "^0.0.8",
        "fflate": "^0.8.2"
      },
      "devDependencies": {
        "fflate": "^0.8.2"
      }
    },
    "node_modules/@easywasm/wasi": {
      "version": "0.0.8",
      "resolved": "https://registry.npmjs.org/@easywasm/wasi/-/wasi-0.0.8.tgz",
      "integrity": "sha512-0Dqa7rW1/k7IsJ7PU5PHhhaJaJ4PT1mw09pw1S4oZEHZI3SuLlLtUKfVkNh7O6B2GdvpskqSbvGYZRAWALWg4w==",
      "license": "MIT"
    },
    "node_modules/fflate": {
      "version": "0.8.2",
      "resolved": "https://registry.npmjs.org/fflate/-/fflate-0.8.2.tgz",
      "integrity": "sha512-cPJU47OaAoCbg0pBvzsgpTPhmhqI5eJjh/JIu8tPj5q+T7iLvW/JAYUqmE7KOB4R1ZyEhzBaIQpQpardBF5z8A==",
      "dev": true,
      "license": "MIT"
    }
  }
}
